
Microsoft Visual Studio Solution File, Format Version 12.00
# Visual Studio Version 17
VisualStudioVersion = 17.13.35931.197 d17.13
MinimumVisualStudioVersion = 10.0.40219.1
Project("{FAE04EC0-301F-11D3-BF4B-00C04F79EFBC}") = "authentication_system", "authentication_system\authentication_system.csproj", "{D688C7B9-02AB-4480-B081-EA2C3E10D887}"
EndProject
Global
	GlobalSection(SolutionConfigurationPlatforms) = preSolution
		Debug|Any CPU = Debug|Any CPU
		Release|Any CPU = Release|Any CPU
	EndGlobalSection
	GlobalSection(ProjectConfigurationPlatforms) = postSolution
		{D688C7B9-02AB-4480-B081-EA2C3E10D887}.Debug|Any CPU.ActiveCfg = Debug|Any CPU
		{D688C7B9-02AB-4480-B081-EA2C3E10D887}.Debug|Any CPU.Build.0 = Debug|Any CPU
		{D688C7B9-02AB-4480-B081-EA2C3E10D887}.Release|Any CPU.ActiveCfg = Release|Any CPU
		{D688C7B9-02AB-4480-B081-EA2C3E10D887}.Release|Any CPU.Build.0 = Release|Any CPU
	EndGlobalSection
	GlobalSection(SolutionProperties) = preSolution
		HideSolutionNode = FALSE
	EndGlobalSection
	GlobalSection(ExtensibilityGlobals) = postSolution
		SolutionGuid = {C249BAE0-6E7E-48B7-9062-E379DA4AFCAF}
	EndGlobalSection
EndGlobal
